
Microsoft Visual Studio Solution File, Format Version 12.00
Project("{FAE04EC0-301F-11D3-BF4B-00C04F79EFBC}") = "Entities", "Entities\Entities.csproj", "{6B677D39-EFE0-4B92-B7B9-1AB55CA403C8}"
EndProject
Project("{FAE04EC0-301F-11D3-BF4B-00C04F79EFBC}") = "DataAccess", "DataAccess\DataAccess.csproj", "{457AAC65-3941-4BE1-8BDB-81C8D1E40ADA}"
EndProject
Project("{FAE04EC0-301F-11D3-BF4B-00C04F79EFBC}") = "Business", "Business\Business.csproj", "{3CC2C585-0215-408F-898B-6AF62F8A4A83}"
EndProject
Project("{FAE04EC0-301F-11D3-BF4B-00C04F79EFBC}") = "ConsoleUI", "ConsoleUI\ConsoleUI.csproj", "{643F67EE-0905-4DBE-A361-A233B6E0D6D8}"
EndProject
Project("{FAE04EC0-301F-11D3-BF4B-00C04F79EFBC}") = "Core", "Core\Core.csproj", "{5E29EC9E-AF63-4C95-8EB0-048341CA2530}"
EndProject
Global
	GlobalSection(SolutionConfigurationPlatforms) = preSolution
		Debug|Any CPU = Debug|Any CPU
		Release|Any CPU = Release|Any CPU
	EndGlobalSection
	GlobalSection(ProjectConfigurationPlatforms) = postSolution
		{6B677D39-EFE0-4B92-B7B9-1AB55CA403C8}.Debug|Any CPU.ActiveCfg = Debug|Any CPU
		{6B677D39-EFE0-4B92-B7B9-1AB55CA403C8}.Debug|Any CPU.Build.0 = Debug|Any CPU
		{6B677D39-EFE0-4B92-B7B9-1AB55CA403C8}.Release|Any CPU.ActiveCfg = Release|Any CPU
		{6B677D39-EFE0-4B92-B7B9-1AB55CA403C8}.Release|Any CPU.Build.0 = Release|Any CPU
		{457AAC65-3941-4BE1-8BDB-81C8D1E40ADA}.Debug|Any CPU.ActiveCfg = Debug|Any CPU
		{457AAC65-3941-4BE1-8BDB-81C8D1E40ADA}.Debug|Any CPU.Build.0 = Debug|Any CPU
		{457AAC65-3941-4BE1-8BDB-81C8D1E40ADA}.Release|Any CPU.ActiveCfg = Release|Any CPU
		{457AAC65-3941-4BE1-8BDB-81C8D1E40ADA}.Release|Any CPU.Build.0 = Release|Any CPU
		{3CC2C585-0215-408F-898B-6AF62F8A4A83}.Debug|Any CPU.ActiveCfg = Debug|Any CPU
		{3CC2C585-0215-408F-898B-6AF62F8A4A83}.Debug|Any CPU.Build.0 = Debug|Any CPU
		{3CC2C585-0215-408F-898B-6AF62F8A4A83}.Release|Any CPU.ActiveCfg = Release|Any CPU
		{3CC2C585-0215-408F-898B-6AF62F8A4A83}.Release|Any CPU.Build.0 = Release|Any CPU
		{643F67EE-0905-4DBE-A361-A233B6E0D6D8}.Debug|Any CPU.ActiveCfg = Debug|Any CPU
		{643F67EE-0905-4DBE-A361-A233B6E0D6D8}.Debug|Any CPU.Build.0 = Debug|Any CPU
		{643F67EE-0905-4DBE-A361-A233B6E0D6D8}.Release|Any CPU.ActiveCfg = Release|Any CPU
		{643F67EE-0905-4DBE-A361-A233B6E0D6D8}.Release|Any CPU.Build.0 = Release|Any CPU
		{5E29EC9E-AF63-4C95-8EB0-048341CA2530}.Debug|Any CPU.ActiveCfg = Debug|Any CPU
		{5E29EC9E-AF63-4C95-8EB0-048341CA2530}.Debug|Any CPU.Build.0 = Debug|Any CPU
		{5E29EC9E-AF63-4C95-8EB0-048341CA2530}.Release|Any CPU.ActiveCfg = Release|Any CPU
		{5E29EC9E-AF63-4C95-8EB0-048341CA2530}.Release|Any CPU.Build.0 = Release|Any CPU
	EndGlobalSection
EndGlobal
